
Microsoft Visual Studio Solution File, Format Version 12.00
# Visual Studio Version 16
VisualStudioVersion = 16.0.31019.35
MinimumVisualStudioVersion = 10.0.40219.1
Project("{FAE04EC0-301F-11D3-BF4B-00C04F79EFBC}") = "server", "server\server.csproj", "{0D8D81AD-A918-43AC-9F95-258C8740EE67}"
EndProject
Project("{FAE04EC0-301F-11D3-BF4B-00C04F79EFBC}") = "Endorfina", "Endorfina\Endorfina.csproj", "{42581762-6D03-4125-863C-2A7ED08A607D}"
EndProject
Global
	GlobalSection(SolutionConfigurationPlatforms) = preSolution
		Debug|Any CPU = Debug|Any CPU
		Release|Any CPU = Release|Any CPU
	EndGlobalSection
	GlobalSection(ProjectConfigurationPlatforms) = postSolution
		{0D8D81AD-A918-43AC-9F95-258C8740EE67}.Debug|Any CPU.ActiveCfg = Debug|Any CPU
		{0D8D81AD-A918-43AC-9F95-258C8740EE67}.Debug|Any CPU.Build.0 = Debug|Any CPU
		{0D8D81AD-A918-43AC-9F95-258C8740EE67}.Release|Any CPU.ActiveCfg = Release|Any CPU
		{0D8D81AD-A918-43AC-9F95-258C8740EE67}.Release|Any CPU.Build.0 = Release|Any CPU
		{42581762-6D03-4125-863C-2A7ED08A607D}.Debug|Any CPU.ActiveCfg = Debug|Any CPU
		{42581762-6D03-4125-863C-2A7ED08A607D}.Debug|Any CPU.Build.0 = Debug|Any CPU
		{42581762-6D03-4125-863C-2A7ED08A607D}.Release|Any CPU.ActiveCfg = Release|Any CPU
		{42581762-6D03-4125-863C-2A7ED08A607D}.Release|Any CPU.Build.0 = Release|Any CPU
	EndGlobalSection
	GlobalSection(SolutionProperties) = preSolution
		HideSolutionNode = FALSE
	EndGlobalSection
	GlobalSection(ExtensibilityGlobals) = postSolution
		SolutionGuid = {8C5C8DE8-194A-4F59-89A0-D0C0C4639608}
	EndGlobalSection
EndGlobal
